
Microsoft Visual Studio Solution File, Format Version 12.00
# Visual Studio 15
VisualStudioVersion = 15.0.27703.2018
MinimumVisualStudioVersion = 10.0.40219.1
Project("{FAE04EC0-301F-11D3-BF4B-00C04F79EFBC}") = "CopyPaster", "CopyPaster\CopyPaster.csproj", "{817B8ED7-5799-4D58-9906-2A6EBF347A91}"
EndProject
Global
	GlobalSection(SolutionConfigurationPlatforms) = preSolution
		Debug|Any CPU = Debug|Any CPU
		Release|Any CPU = Release|Any CPU
	EndGlobalSection
	GlobalSection(ProjectConfigurationPlatforms) = postSolution
		{817B8ED7-5799-4D58-9906-2A6EBF347A91}.Debug|Any CPU.ActiveCfg = Debug|Any CPU
		{817B8ED7-5799-4D58-9906-2A6EBF347A91}.Debug|Any CPU.Build.0 = Debug|Any CPU
		{817B8ED7-5799-4D58-9906-2A6EBF347A91}.Release|Any CPU.ActiveCfg = Release|Any CPU
		{817B8ED7-5799-4D58-9906-2A6EBF347A91}.Release|Any CPU.Build.0 = Release|Any CPU
	EndGlobalSection
	GlobalSection(SolutionProperties) = preSolution
		HideSolutionNode = FALSE
	EndGlobalSection
	GlobalSection(ExtensibilityGlobals) = postSolution
		SolutionGuid = {35EAFA71-EF30-4F60-84E5-0D3DDBFE5BEE}
	EndGlobalSection
EndGlobal
